
Microsoft Visual Studio Solution File, Format Version 12.00
# Visual Studio Version 17
VisualStudioVersion = 17.6.33717.318
MinimumVisualStudioVersion = 10.0.40219.1
Project("{2150E333-8FDC-42A3-9474-1A3956D46DE8}") = "src", "src", "{2BDD2E2E-3A8E-4043-A6AD-E9F9FC326EBE}"
EndProject
Project("{2150E333-8FDC-42A3-9474-1A3956D46DE8}") = "Solution Items", "Solution Items", "{FB369E1C-0D70-471D-8F0F-BAC1C3F737FA}"
	ProjectSection(SolutionItems) = preProject
		ServiceUrls.txt = ServiceUrls.txt
	EndProjectSection
EndProject
Project("{2150E333-8FDC-42A3-9474-1A3956D46DE8}") = "ApiGateways", "ApiGateways", "{749976F0-7874-4EA5-A94E-EB18B86F4A3B}"
EndProject
Project("{2150E333-8FDC-42A3-9474-1A3956D46DE8}") = "BuildingBlocks", "BuildingBlocks", "{EBAD3CF5-BEB5-457E-891A-60A009DB77A0}"
EndProject
Project("{2150E333-8FDC-42A3-9474-1A3956D46DE8}") = "Services", "Services", "{8B780ED8-11C4-4799-B92E-69E8697E8BE4}"
EndProject
Project("{2150E333-8FDC-42A3-9474-1A3956D46DE8}") = "Clients", "Clients", "{7DF04E34-1A99-4728-BF8C-53D09C3F5FBB}"
EndProject
Project("{2150E333-8FDC-42A3-9474-1A3956D46DE8}") = "WebApiGateway", "WebApiGateway", "{A2F27A60-C4A2-4EF8-8FB2-88F6B85C00D2}"
EndProject
Project("{FAE04EC0-301F-11D3-BF4B-00C04F79EFBC}") = "Web.ApiGateway", "src\ApiGateways\WebApiGateway\Web.ApiGateway\Web.ApiGateway.csproj", "{0ADDEB44-88B5-45A8-9805-0AC52E6ADCE4}"
EndProject
Project("{2150E333-8FDC-42A3-9474-1A3956D46DE8}") = "EventBus", "EventBus", "{0736B542-1817-40F8-B018-34CCDCA045D7}"
EndProject
Project("{FAE04EC0-301F-11D3-BF4B-00C04F79EFBC}") = "EventBus.Base", "src\BuildingBlocks\EventBus\EventBus.Base\EventBus.Base.csproj", "{1CAABD87-08AE-4C3D-9CD2-EB61897DA899}"
EndProject
Project("{FAE04EC0-301F-11D3-BF4B-00C04F79EFBC}") = "EventBus.Factory", "src\BuildingBlocks\EventBus\EventBus.Factory\EventBus.Factory.csproj", "{DC7B53AF-3ECE-4869-870B-AD231AA15458}"
EndProject
Project("{FAE04EC0-301F-11D3-BF4B-00C04F79EFBC}") = "EventBus.AzureServiceBus", "src\BuildingBlocks\EventBus\EventBus.AzureServiceBus\EventBus.AzureServiceBus.csproj", "{FB936079-4EE4-4475-B143-C98D42725226}"
EndProject
Project("{FAE04EC0-301F-11D3-BF4B-00C04F79EFBC}") = "EventBus.RabbitMQ", "src\BuildingBlocks\EventBus\EventBus.RabbitMQ\EventBus.RabbitMQ.csproj", "{F924460A-0126-4B51-AFA6-70FC763E61FE}"
EndProject
Project("{2150E333-8FDC-42A3-9474-1A3956D46DE8}") = "BlazorWebApp", "BlazorWebApp", "{52CCF660-8157-4AB9-9031-73B68A28A1EE}"
EndProject
Project("{FAE04EC0-301F-11D3-BF4B-00C04F79EFBC}") = "WebApp", "src\Clients\BlazorWebApp\WebApp\WebApp.csproj", "{BF7DE046-601C-467A-AEDE-E85B3CB15348}"
EndProject
Project("{2150E333-8FDC-42A3-9474-1A3956D46DE8}") = "BasketService", "BasketService", "{A5C51023-52FD-4196-A79B-F6FB7075C81F}"
EndProject
Project("{FAE04EC0-301F-11D3-BF4B-00C04F79EFBC}") = "BasketService.Api", "src\Services\BasketService\BasketService.Api\BasketService.Api.csproj", "{9D773D3C-4C40-4BF2-9BD5-B9B2026C6659}"
EndProject
Project("{2150E333-8FDC-42A3-9474-1A3956D46DE8}") = "CatalogService", "CatalogService", "{3B510CC9-030C-4FC8-BCEA-AC93C9CE608A}"
EndProject
Project("{FAE04EC0-301F-11D3-BF4B-00C04F79EFBC}") = "CatalogService.Api", "src\Services\CatalogService\CatalogService.Api\CatalogService.Api.csproj", "{7E91A6EE-3026-40FB-B2C1-03A91BC3DE9D}"
EndProject
Project("{2150E333-8FDC-42A3-9474-1A3956D46DE8}") = "IdentityService", "IdentityService", "{4B305EC1-07AC-4B33-9154-C977F68F0480}"
EndProject
Project("{FAE04EC0-301F-11D3-BF4B-00C04F79EFBC}") = "IdentityService.Api", "src\Services\IdentityService\IdentityService.Api\IdentityService.Api.csproj", "{B7F86B9F-FF41-4A66-8EA5-4A82E5364A59}"
EndProject
Project("{2150E333-8FDC-42A3-9474-1A3956D46DE8}") = "NotificationService", "NotificationService", "{3238DEDC-D23D-4EE1-A0F1-9BCF87D0AE7C}"
EndProject
Project("{FAE04EC0-301F-11D3-BF4B-00C04F79EFBC}") = "NotificationService", "src\Services\NotificationService\NotificationService\NotificationService.csproj", "{620CF6A4-74BA-4FD2-91A4-C19B20469B94}"
EndProject
Project("{2150E333-8FDC-42A3-9474-1A3956D46DE8}") = "OrderService", "OrderService", "{61BC4171-432E-43B5-83EF-B3DE45C9DEF6}"
EndProject
Project("{FAE04EC0-301F-11D3-BF4B-00C04F79EFBC}") = "OrderService.Api", "src\Services\OrderService\OrderService.Api\OrderService.Api.csproj", "{EA58DC42-9413-43C2-8B73-7363DB1F46AB}"
EndProject
Project("{FAE04EC0-301F-11D3-BF4B-00C04F79EFBC}") = "OrderService.Domain", "src\Services\OrderService\OrderService.Domain\OrderService.Domain.csproj", "{C9B1419F-078D-432B-B784-169DCB50FD0F}"
EndProject
Project("{FAE04EC0-301F-11D3-BF4B-00C04F79EFBC}") = "OrderService.Application", "src\Services\OrderService\OrderService.Application\OrderService.Application.csproj", "{FBD4DA50-0630-443A-A844-B15E4A4FF75C}"
EndProject
Project("{FAE04EC0-301F-11D3-BF4B-00C04F79EFBC}") = "OrderService.Infrastructure", "src\Services\OrderService\OrderService.Infrastructure\OrderService.Infrastructure.csproj", "{12DE0A4C-6E11-465B-856F-3E51BDECBD57}"
EndProject
Project("{2150E333-8FDC-42A3-9474-1A3956D46DE8}") = "PaymentService", "PaymentService", "{936C8937-C023-4867-80CF-B8311FC0754E}"
EndProject
Project("{FAE04EC0-301F-11D3-BF4B-00C04F79EFBC}") = "PaymentService.Api", "src\Services\PaymentService\PaymentService.Api\PaymentService.Api.csproj", "{B1AE2EEC-43BF-49C9-9D29-4278E709DC43}"
EndProject
Global
	GlobalSection(SolutionConfigurationPlatforms) = preSolution
		Debug|Any CPU = Debug|Any CPU
		Release|Any CPU = Release|Any CPU
	EndGlobalSection
	GlobalSection(ProjectConfigurationPlatforms) = postSolution
		{0ADDEB44-88B5-45A8-9805-0AC52E6ADCE4}.Debug|Any CPU.ActiveCfg = Debug|Any CPU
		{0ADDEB44-88B5-45A8-9805-0AC52E6ADCE4}.Debug|Any CPU.Build.0 = Debug|Any CPU
		{0ADDEB44-88B5-45A8-9805-0AC52E6ADCE4}.Release|Any CPU.ActiveCfg = Release|Any CPU
		{0ADDEB44-88B5-45A8-9805-0AC52E6ADCE4}.Release|Any CPU.Build.0 = Release|Any CPU
		{1CAABD87-08AE-4C3D-9CD2-EB61897DA899}.Debug|Any CPU.ActiveCfg = Debug|Any CPU
		{1CAABD87-08AE-4C3D-9CD2-EB61897DA899}.Debug|Any CPU.Build.0 = Debug|Any CPU
		{1CAABD87-08AE-4C3D-9CD2-EB61897DA899}.Release|Any CPU.ActiveCfg = Release|Any CPU
		{1CAABD87-08AE-4C3D-9CD2-EB61897DA899}.Release|Any CPU.Build.0 = Release|Any CPU
		{DC7B53AF-3ECE-4869-870B-AD231AA15458}.Debug|Any CPU.ActiveCfg = Debug|Any CPU
		{DC7B53AF-3ECE-4869-870B-AD231AA15458}.Debug|Any CPU.Build.0 = Debug|Any CPU
		{DC7B53AF-3ECE-4869-870B-AD231AA15458}.Release|Any CPU.ActiveCfg = Release|Any CPU
		{DC7B53AF-3ECE-4869-870B-AD231AA15458}.Release|Any CPU.Build.0 = Release|Any CPU
		{FB936079-4EE4-4475-B143-C98D42725226}.Debug|Any CPU.ActiveCfg = Debug|Any CPU
		{FB936079-4EE4-4475-B143-C98D42725226}.Debug|Any CPU.Build.0 = Debug|Any CPU
		{FB936079-4EE4-4475-B143-C98D42725226}.Release|Any CPU.ActiveCfg = Release|Any CPU
		{FB936079-4EE4-4475-B143-C98D42725226}.Release|Any CPU.Build.0 = Release|Any CPU
		{F924460A-0126-4B51-AFA6-70FC763E61FE}.Debug|Any CPU.ActiveCfg = Debug|Any CPU
		{F924460A-0126-4B51-AFA6-70FC763E61FE}.Debug|Any CPU.Build.0 = Debug|Any CPU
		{F924460A-0126-4B51-AFA6-70FC763E61FE}.Release|Any CPU.ActiveCfg = Release|Any CPU
		{F924460A-0126-4B51-AFA6-70FC763E61FE}.Release|Any CPU.Build.0 = Release|Any CPU
		{BF7DE046-601C-467A-AEDE-E85B3CB15348}.Debug|Any CPU.ActiveCfg = Debug|Any CPU
		{BF7DE046-601C-467A-AEDE-E85B3CB15348}.Debug|Any CPU.Build.0 = Debug|Any CPU
		{BF7DE046-601C-467A-AEDE-E85B3CB15348}.Release|Any CPU.ActiveCfg = Release|Any CPU
		{BF7DE046-601C-467A-AEDE-E85B3CB15348}.Release|Any CPU.Build.0 = Release|Any CPU
		{9D773D3C-4C40-4BF2-9BD5-B9B2026C6659}.Debug|Any CPU.ActiveCfg = Debug|Any CPU
		{9D773D3C-4C40-4BF2-9BD5-B9B2026C6659}.Debug|Any CPU.Build.0 = Debug|Any CPU
		{9D773D3C-4C40-4BF2-9BD5-B9B2026C6659}.Release|Any CPU.ActiveCfg = Release|Any CPU
		{9D773D3C-4C40-4BF2-9BD5-B9B2026C6659}.Release|Any CPU.Build.0 = Release|Any CPU
		{7E91A6EE-3026-40FB-B2C1-03A91BC3DE9D}.Debug|Any CPU.ActiveCfg = Debug|Any CPU
		{7E91A6EE-3026-40FB-B2C1-03A91BC3DE9D}.Debug|Any CPU.Build.0 = Debug|Any CPU
		{7E91A6EE-3026-40FB-B2C1-03A91BC3DE9D}.Release|Any CPU.ActiveCfg = Release|Any CPU
		{7E91A6EE-3026-40FB-B2C1-03A91BC3DE9D}.Release|Any CPU.Build.0 = Release|Any CPU
		{B7F86B9F-FF41-4A66-8EA5-4A82E5364A59}.Debug|Any CPU.ActiveCfg = Debug|Any CPU
		{B7F86B9F-FF41-4A66-8EA5-4A82E5364A59}.Debug|Any CPU.Build.0 = Debug|Any CPU
		{B7F86B9F-FF41-4A66-8EA5-4A82E5364A59}.Release|Any CPU.ActiveCfg = Release|Any CPU
		{B7F86B9F-FF41-4A66-8EA5-4A82E5364A59}.Release|Any CPU.Build.0 = Release|Any CPU
		{620CF6A4-74BA-4FD2-91A4-C19B20469B94}.Debug|Any CPU.ActiveCfg = Debug|Any CPU
		{620CF6A4-74BA-4FD2-91A4-C19B20469B94}.Debug|Any CPU.Build.0 = Debug|Any CPU
		{620CF6A4-74BA-4FD2-91A4-C19B20469B94}.Release|Any CPU.ActiveCfg = Release|Any CPU
		{620CF6A4-74BA-4FD2-91A4-C19B20469B94}.Release|Any CPU.Build.0 = Release|Any CPU
		{EA58DC42-9413-43C2-8B73-7363DB1F46AB}.Debug|Any CPU.ActiveCfg = Debug|Any CPU
		{EA58DC42-9413-43C2-8B73-7363DB1F46AB}.Debug|Any CPU.Build.0 = Debug|Any CPU
		{EA58DC42-9413-43C2-8B73-7363DB1F46AB}.Release|Any CPU.ActiveCfg = Release|Any CPU
		{EA58DC42-9413-43C2-8B73-7363DB1F46AB}.Release|Any CPU.Build.0 = Release|Any CPU
		{C9B1419F-078D-432B-B784-169DCB50FD0F}.Debug|Any CPU.ActiveCfg = Debug|Any CPU
		{C9B1419F-078D-432B-B784-169DCB50FD0F}.Debug|Any CPU.Build.0 = Debug|Any CPU
		{C9B1419F-078D-432B-B784-169DCB50FD0F}.Release|Any CPU.ActiveCfg = Release|Any CPU
		{C9B1419F-078D-432B-B784-169DCB50FD0F}.Release|Any CPU.Build.0 = Release|Any CPU
		{FBD4DA50-0630-443A-A844-B15E4A4FF75C}.Debug|Any CPU.ActiveCfg = Debug|Any CPU
		{FBD4DA50-0630-443A-A844-B15E4A4FF75C}.Debug|Any CPU.Build.0 = Debug|Any CPU
		{FBD4DA50-0630-443A-A844-B15E4A4FF75C}.Release|Any CPU.ActiveCfg = Release|Any CPU
		{FBD4DA50-0630-443A-A844-B15E4A4FF75C}.Release|Any CPU.Build.0 = Release|Any CPU
		{12DE0A4C-6E11-465B-856F-3E51BDECBD57}.Debug|Any CPU.ActiveCfg = Debug|Any CPU
		{12DE0A4C-6E11-465B-856F-3E51BDECBD57}.Debug|Any CPU.Build.0 = Debug|Any CPU
		{12DE0A4C-6E11-465B-856F-3E51BDECBD57}.Release|Any CPU.ActiveCfg = Release|Any CPU
		{12DE0A4C-6E11-465B-856F-3E51BDECBD57}.Release|Any CPU.Build.0 = Release|Any CPU
		{B1AE2EEC-43BF-49C9-9D29-4278E709DC43}.Debug|Any CPU.ActiveCfg = Debug|Any CPU
		{B1AE2EEC-43BF-49C9-9D29-4278E709DC43}.Debug|Any CPU.Build.0 = Debug|Any CPU
		{B1AE2EEC-43BF-49C9-9D29-4278E709DC43}.Release|Any CPU.ActiveCfg = Release|Any CPU
		{B1AE2EEC-43BF-49C9-9D29-4278E709DC43}.Release|Any CPU.Build.0 = Release|Any CPU
	EndGlobalSection
	GlobalSection(SolutionProperties) = preSolution
		HideSolutionNode = FALSE
	EndGlobalSection
	GlobalSection(NestedProjects) = preSolution
		{749976F0-7874-4EA5-A94E-EB18B86F4A3B} = {2BDD2E2E-3A8E-4043-A6AD-E9F9FC326EBE}
		{EBAD3CF5-BEB5-457E-891A-60A009DB77A0} = {2BDD2E2E-3A8E-4043-A6AD-E9F9FC326EBE}
		{8B780ED8-11C4-4799-B92E-69E8697E8BE4} = {2BDD2E2E-3A8E-4043-A6AD-E9F9FC326EBE}
		{7DF04E34-1A99-4728-BF8C-53D09C3F5FBB} = {2BDD2E2E-3A8E-4043-A6AD-E9F9FC326EBE}
		{A2F27A60-C4A2-4EF8-8FB2-88F6B85C00D2} = {749976F0-7874-4EA5-A94E-EB18B86F4A3B}
		{0ADDEB44-88B5-45A8-9805-0AC52E6ADCE4} = {A2F27A60-C4A2-4EF8-8FB2-88F6B85C00D2}
		{0736B542-1817-40F8-B018-34CCDCA045D7} = {EBAD3CF5-BEB5-457E-891A-60A009DB77A0}
		{1CAABD87-08AE-4C3D-9CD2-EB61897DA899} = {0736B542-1817-40F8-B018-34CCDCA045D7}
		{DC7B53AF-3ECE-4869-870B-AD231AA15458} = {0736B542-1817-40F8-B018-34CCDCA045D7}
		{FB936079-4EE4-4475-B143-C98D42725226} = {0736B542-1817-40F8-B018-34CCDCA045D7}
		{F924460A-0126-4B51-AFA6-70FC763E61FE} = {0736B542-1817-40F8-B018-34CCDCA045D7}
		{52CCF660-8157-4AB9-9031-73B68A28A1EE} = {7DF04E34-1A99-4728-BF8C-53D09C3F5FBB}
		{BF7DE046-601C-467A-AEDE-E85B3CB15348} = {52CCF660-8157-4AB9-9031-73B68A28A1EE}
		{A5C51023-52FD-4196-A79B-F6FB7075C81F} = {8B780ED8-11C4-4799-B92E-69E8697E8BE4}
		{9D773D3C-4C40-4BF2-9BD5-B9B2026C6659} = {A5C51023-52FD-4196-A79B-F6FB7075C81F}
		{3B510CC9-030C-4FC8-BCEA-AC93C9CE608A} = {8B780ED8-11C4-4799-B92E-69E8697E8BE4}
		{7E91A6EE-3026-40FB-B2C1-03A91BC3DE9D} = {3B510CC9-030C-4FC8-BCEA-AC93C9CE608A}
		{4B305EC1-07AC-4B33-9154-C977F68F0480} = {8B780ED8-11C4-4799-B92E-69E8697E8BE4}
		{B7F86B9F-FF41-4A66-8EA5-4A82E5364A59} = {4B305EC1-07AC-4B33-9154-C977F68F0480}
		{3238DEDC-D23D-4EE1-A0F1-9BCF87D0AE7C} = {8B780ED8-11C4-4799-B92E-69E8697E8BE4}
		{620CF6A4-74BA-4FD2-91A4-C19B20469B94} = {3238DEDC-D23D-4EE1-A0F1-9BCF87D0AE7C}
		{61BC4171-432E-43B5-83EF-B3DE45C9DEF6} = {8B780ED8-11C4-4799-B92E-69E8697E8BE4}
		{EA58DC42-9413-43C2-8B73-7363DB1F46AB} = {61BC4171-432E-43B5-83EF-B3DE45C9DEF6}
		{C9B1419F-078D-432B-B784-169DCB50FD0F} = {61BC4171-432E-43B5-83EF-B3DE45C9DEF6}
		{FBD4DA50-0630-443A-A844-B15E4A4FF75C} = {61BC4171-432E-43B5-83EF-B3DE45C9DEF6}
		{12DE0A4C-6E11-465B-856F-3E51BDECBD57} = {61BC4171-432E-43B5-83EF-B3DE45C9DEF6}
		{936C8937-C023-4867-80CF-B8311FC0754E} = {8B780ED8-11C4-4799-B92E-69E8697E8BE4}
		{B1AE2EEC-43BF-49C9-9D29-4278E709DC43} = {936C8937-C023-4867-80CF-B8311FC0754E}
	EndGlobalSection
	GlobalSection(ExtensibilityGlobals) = postSolution
		SolutionGuid = {396B7202-765D-488A-B23E-2C41D91717A4}
	EndGlobalSection
EndGlobal
